
Microsoft Visual Studio Solution File, Format Version 12.00
# Visual Studio 15
VisualStudioVersion = 15.0.28010.2048
MinimumVisualStudioVersion = 10.0.40219.1
Project("{9092AA53-FB77-4645-B42D-1CCCA6BD08BD}") = "Js_NodeStr", "Js_NodeStr.njsproj", "{D1C91A37-D6E5-47A0-B7AC-9B5F0F5CCCF8}"
EndProject
Global
	GlobalSection(SolutionConfigurationPlatforms) = preSolution
		Debug|Any CPU = Debug|Any CPU
		Release|Any CPU = Release|Any CPU
	EndGlobalSection
	GlobalSection(ProjectConfigurationPlatforms) = postSolution
		{D1C91A37-D6E5-47A0-B7AC-9B5F0F5CCCF8}.Debug|Any CPU.ActiveCfg = Debug|Any CPU
		{D1C91A37-D6E5-47A0-B7AC-9B5F0F5CCCF8}.Debug|Any CPU.Build.0 = Debug|Any CPU
		{D1C91A37-D6E5-47A0-B7AC-9B5F0F5CCCF8}.Release|Any CPU.ActiveCfg = Release|Any CPU
		{D1C91A37-D6E5-47A0-B7AC-9B5F0F5CCCF8}.Release|Any CPU.Build.0 = Release|Any CPU
	EndGlobalSection
	GlobalSection(SolutionProperties) = preSolution
		HideSolutionNode = FALSE
	EndGlobalSection
	GlobalSection(ExtensibilityGlobals) = postSolution
		SolutionGuid = {86FDA33A-016F-44A6-85B0-5EAF49DA023C}
	EndGlobalSection
EndGlobal
